{
  "version": 4,
  "terraform_version": "1.9.5",
  "serial": 49,
  "lineage": "bc7e3e7c-990e-f5c9-ed03-a0ad2f2c2b29",
  "outputs": {
    "cloudfront_distribution_url": {
      "value": "d3h0al6gs0y74w.cloudfront.net",
      "type": "string"
    },
    "connections_table_name": {
      "value": "devops-chat-connections",
      "type": "string"
    },
    "messages_table_name": {
      "value": "devops-chat-messages",
      "type": "string"
    },
    "s3_bucket_name": {
      "value": "devops-chat-chat-files-kp8jr1ma",
      "type": "string"
    },
    "user_pool_client_id": {
      "value": "5k5vic9j5601tti3laeig4bfg8",
      "type": "string"
    },
    "user_pool_id": {
      "value": "us-west-2_l89LkhoL0",
      "type": "string"
    },
    "websocket_api_endpoint": {
      "value": "m0mqkl8nti.execute-api.us-west-2.amazonaws.com/dr",
      "type": "string"
    },
    "websocket_api_full_endpoint": {
      "value": "wss://m0mqkl8nti.execute-api.us-west-2.amazonaws.com/dr",
      "type": "string"
    }
  },
  "resources": [
    {
      "mode": "data",
      "type": "archive_file",
      "name": "ai_assistant_zip",
      "provider": "provider[\"registry.terraform.io/hashicorp/archive\"]",
      "instances": [
        {
          "schema_version": 0,
          "attributes": {
            "exclude_symlink_directories": null,
            "excludes": null,
            "id": "61e70b9d135439260efffe209cb8a4bb2a2c43d7",
            "output_base64sha256": "zeZsgrQPwOCHvIU4P9UNHQE7m29V99H7nFHxXTNCMic=",
            "output_base64sha512": "hz9sVL4z5jWTC1c85bPW56jhnRXAUUs4HuScRtx+tnyELawoV8CaAmFRUIs3qe9UVlKOvofUbS87ypk6Lr2XQg==",
            "output_file_mode": null,
            "output_md5": "1443dffc2fca33beb599187eb8c6269d",
            "output_path": "./ai-assistant.zip",
            "output_sha": "61e70b9d135439260efffe209cb8a4bb2a2c43d7",
            "output_sha256": "cde66c82b40fc0e087bc85383fd50d1d013b9b6f55f7d1fb9c51f15d33423227",
            "output_sha512": "873f6c54be33e635930b573ce5b3d6e7a8e19d15c0514b381ee49c46dc7eb67c842dac2857c09a026151508b37a9ef5456528ebe87d46d2f3bca993a2ebd9742",
            "output_size": 756,
            "source": [],
            "source_content": null,
            "source_content_filename": null,
            "source_dir": "./lambda/ai-assistant",
            "source_file": null,
            "type": "zip"
          },
          "sensitive_attributes": []
        }
      ]
    },
    {
      "mode": "data",
      "type": "archive_file",
      "name": "connect_zip",
      "provider": "provider[\"registry.terraform.io/hashicorp/archive\"]",
      "instances": [
        {
          "schema_version": 0,
          "attributes": {
            "exclude_symlink_directories": null,
            "excludes": null,
            "id": "281e126855ab6631c5ebcdb285434e17f3f55907",
            "output_base64sha256": "APvTEWVEQKKeJLZAukzvkx1WxBeWndau2t0C6wFBbYw=",
            "output_base64sha512": "hcZxml238QDzlMkHEkfQ3q4YtOofPK32S6TX6ibOeB4lz0z+XztcYCF0RTyoCxtaWHMbfFYBDblbDn6LwDdTiQ==",
            "output_file_mode": null,
            "output_md5": "23c81d5748e8ca93233bfec2181b9e79",
            "output_path": "./connect.zip",
            "output_sha": "281e126855ab6631c5ebcdb285434e17f3f55907",
            "output_sha256": "00fbd311654440a29e24b640ba4cef931d56c417969dd6aedadd02eb01416d8c",
            "output_sha512": "85c6719a5db7f100f394c9071247d0deae18b4ea1f3cadf64ba4d7ea26ce781e25cf4cfe5f3b5c602174453ca80b1b5a58731b7c56010db95b0e7e8bc0375389",
            "output_size": 751,
            "source": [],
            "source_content": null,
            "source_content_filename": null,
            "source_dir": "./lambda/connect",
            "source_file": null,
            "type": "zip"
          },
          "sensitive_attributes": []
        }
      ]
    },
    {
      "mode": "data",
      "type": "archive_file",
      "name": "disconnect_zip",
      "provider": "provider[\"registry.terraform.io/hashicorp/archive\"]",
      "instances": [
        {
          "schema_version": 0,
          "attributes": {
            "exclude_symlink_directories": null,
            "excludes": null,
            "id": "c3fff51c1bf76497b45db5616f4efd7ad5ee4cdc",
            "output_base64sha256": "omtCtfO+/cJuhBTx2zBrmf7S+GdW3xQR0HFVaCMitpk=",
            "output_base64sha512": "V8w/fbc31FnggAqcvT/xrQi0wLKV0Zv1FPgNsa9FM/In3pZ854UD11u/Kxwbi35IJk/Vwy94/lcneWKrEXbakA==",
            "output_file_mode": null,
            "output_md5": "92b2a235437d8d70ae39bdf88ab4e287",
            "output_path": "./disconnect.zip",
            "output_sha": "c3fff51c1bf76497b45db5616f4efd7ad5ee4cdc",
            "output_sha256": "a26b42b5f3befdc26e8414f1db306b99fed2f86756df1411d07155682322b699",
            "output_sha512": "57cc3f7db737d459e0800a9cbd3ff1ad08b4c0b295d19bf514f80db1af4533f227de967ce78503d75bbf2b1c1b8b7e48264fd5c32f78fe57277962ab1176da90",
            "output_size": 863,
            "source": [],
            "source_content": null,
            "source_content_filename": null,
            "source_dir": "./lambda/disconnect",
            "source_file": null,
            "type": "zip"
          },
          "sensitive_attributes": []
        }
      ]
    },
    {
      "mode": "data",
      "type": "archive_file",
      "name": "file_upload_zip",
      "provider": "provider[\"registry.terraform.io/hashicorp/archive\"]",
      "instances": [
        {
          "schema_version": 0,
          "attributes": {
            "exclude_symlink_directories": null,
            "excludes": null,
            "id": "61f961fe6c72f42ec38ab7c9def895b8ae5f39eb",
            "output_base64sha256": "NSwjjqLVnFrCb12H7m5GSFWbEos0sIvSA7paEaNZbNI=",
            "output_base64sha512": "sOUGQZCFmPD26IKbqxaCDgbsDuPINT6qtwSUICoSeE+nt9ofx5OOCe45WxARWr7w5u1us9Tf8RqI4utlzEI4EQ==",
            "output_file_mode": null,
            "output_md5": "ba03860d98bba5ce1deb257672a1b14e",
            "output_path": "./file-upload.zip",
            "output_sha": "61f961fe6c72f42ec38ab7c9def895b8ae5f39eb",
            "output_sha256": "352c238ea2d59c5ac26f5d87ee6e4648559b128b34b08bd203ba5a11a3596cd2",
            "output_sha512": "b0e50641908598f0f6e8829bab16820e06ec0ee3c8353eaab70494202a12784fa7b7da1fc7938e09ee395b10115abef0e6ed6eb3d4dff11a88e2eb65cc423811",
            "output_size": 1021,
            "source": [],
            "source_content": null,
            "source_content_filename": null,
            "source_dir": "./lambda/file_upload",
            "source_file": null,
            "type": "zip"
          },
          "sensitive_attributes": []
        }
      ]
    },
    {
      "mode": "data",
      "type": "archive_file",
      "name": "message_zip",
      "provider": "provider[\"registry.terraform.io/hashicorp/archive\"]",
      "instances": [
        {
          "schema_version": 0,
          "attributes": {
            "exclude_symlink_directories": null,
            "excludes": null,
            "id": "ea857de77236f9774658cc12f8cd8bca8b14b4f2",
            "output_base64sha256": "VQDIJuo5pBeNcEPR9pkdOwt49v3n/p1KfL+uhLf9ZDo=",
            "output_base64sha512": "gwD5Lq6tmfY60Tbd8jNesQwSp4Boqpsk0i0Xkm2oO/qn1kSIBc/ra/GJcoLRYuGjLrhaeBj/dhKA4FD/U+0N/A==",
            "output_file_mode": null,
            "output_md5": "8065e25158602f9c7459e367de9f1edf",
            "output_path": "./message.zip",
            "output_sha": "ea857de77236f9774658cc12f8cd8bca8b14b4f2",
            "output_sha256": "5500c826ea39a4178d7043d1f6991d3b0b78f6fde7fe9d4a7cbfae84b7fd643a",
            "output_sha512": "8300f92eaead99f63ad136ddf2335eb10c12a78068aa9b24d22d17926da83bfaa7d6448805cfeb6bf1897282d162e1a32eb85a7818ff761280e050ff53ed0dfc",
            "output_size": 2108,
            "source": [],
            "source_content": null,
            "source_content_filename": null,
            "source_dir": "./lambda/message",
            "source_file": null,
            "type": "zip"
          },
          "sensitive_attributes": []
        }
      ]
    },
    {
      "mode": "data",
      "type": "archive_file",
      "name": "notification_zip",
      "provider": "provider[\"registry.terraform.io/hashicorp/archive\"]",
      "instances": [
        {
          "schema_version": 0,
          "attributes": {
            "exclude_symlink_directories": null,
            "excludes": null,
            "id": "2896ea6fca88c3a2a40235ca607588336dc6042e",
            "output_base64sha256": "HaY9u9MxmO40F3Klnh0REkj0q90gb9agoa7VssXiXP0=",
            "output_base64sha512": "89TtLD6rdW10RTbhH5ChHcNK5z78zLCJ/LjXwEkzeNq/h4SlJ2mRSUqr5A5Vh1HjNMQQdBrinKadFbZ3QBSsmQ==",
            "output_file_mode": null,
            "output_md5": "9bb539465645842b373c11880edd23fd",
            "output_path": "./notifications.zip",
            "output_sha": "2896ea6fca88c3a2a40235ca607588336dc6042e",
            "output_sha256": "1da63dbbd33198ee341772a59e1d111248f4abdd206fd6a0a1aed5b2c5e25cfd",
            "output_sha512": "f3d4ed2c3eab756d744536e11f90a11dc34ae73efcccb089fcb8d7c0493378dabf8784a5276991494aabe40e558751e334c410741ae29ca69d15b6774014ac99",
            "output_size": 519,
            "source": [],
            "source_content": null,
            "source_content_filename": null,
            "source_dir": "./lambda/notifications",
            "source_file": null,
            "type": "zip"
          },
          "sensitive_attributes": []
        }
      ]
    },
    {
      "mode": "data",
      "type": "aws_caller_identity",
      "name": "current",
      "provider": "provider[\"registry.terraform.io/hashicorp/aws\"]",
      "instances": [
        {
          "schema_version": 0,
          "attributes": {
            "account_id": "851725642392",
            "arn": "arn:aws:iam::851725642392:user/idanadmin",
            "id": "851725642392",
            "user_id": "AIDA4MTWN5KMN26FIBBD6"
          },
          "sensitive_attributes": []
        }
      ]
    },
    {
      "mode": "data",
      "type": "aws_region",
      "name": "current",
      "provider": "provider[\"registry.terraform.io/hashicorp/aws\"]",
      "instances": [
        {
          "schema_version": 0,
          "attributes": {
            "description": "US West (Oregon)",
            "endpoint": "ec2.us-west-2.amazonaws.com",
            "id": "us-west-2",
            "name": "us-west-2"
          },
          "sensitive_attributes": []
        }
      ]
    },
    {
      "mode": "managed",
      "type": "aws_api_gateway_account",
      "name": "api_gateway_account",
      "provider": "provider[\"registry.terraform.io/hashicorp/aws\"]",
      "instances": [
        {
          "schema_version": 0,
          "attributes": {
            "api_key_version": "4",
            "cloudwatch_role_arn": "arn:aws:iam::851725642392:role/devops-chat-api-gateway-cloudwatch-role",
            "features": [
              "UsagePlans"
            ],
            "id": "api-gateway-account",
            "reset_on_delete": null,
            "throttle_settings": [
              {
                "burst_limit": 5000,
                "rate_limit": 10000
              }
            ]
          },
          "sensitive_attributes": [],
          "dependencies": [
            "aws_iam_role.api_gateway_cloudwatch_role",
            "aws_iam_role_policy_attachment.api_gateway_cloudwatch_logs"
          ]
        }
      ]
    },
    {
      "mode": "managed",
      "type": "aws_apigatewayv2_api",
      "name": "chat_api",
      "provider": "provider[\"registry.terraform.io/hashicorp/aws\"]",
      "instances": [
        {
          "schema_version": 0,
          "attributes": {
            "api_endpoint": "wss://m0mqkl8nti.execute-api.us-west-2.amazonaws.com",
            "api_key_selection_expression": "$request.header.x-api-key",
            "arn": "arn:aws:apigateway:us-west-2::/apis/m0mqkl8nti",
            "body": null,
            "cors_configuration": [],
            "credentials_arn": null,
            "description": "",
            "disable_execute_api_endpoint": false,
            "execution_arn": "arn:aws:execute-api:us-west-2:851725642392:m0mqkl8nti",
            "fail_on_warnings": null,
            "id": "m0mqkl8nti",
            "ip_address_type": "ipv4",
            "name": "devops-chat-websocket-api",
            "protocol_type": "WEBSOCKET",
            "route_key": null,
            "route_selection_expression": "$request.body.action",
            "tags": {
              "Environment": "dr",
              "Project": "devops-chat"
            },
            "tags_all": {
              "Environment": "dr",
              "Project": "devops-chat"
            },
            "target": null,
            "version": ""
          },
          "sensitive_attributes": [],
          "private": "bnVsbA=="
        }
      ]
    },
    {
      "mode": "managed",
      "type": "aws_apigatewayv2_integration",
      "name": "connect_integration",
      "provider": "provider[\"registry.terraform.io/hashicorp/aws\"]",
      "instances": [
        {
          "schema_version": 0,
          "attributes": {
            "api_id": "m0mqkl8nti",
            "connection_id": "",
            "connection_type": "INTERNET",
            "content_handling_strategy": "",
            "credentials_arn": "",
            "description": "",
            "id": "3wrhjx4",
            "integration_method": "POST",
            "integration_response_selection_expression": "",
            "integration_subtype": "",
            "integration_type": "AWS_PROXY",
            "integration_uri": "arn:aws:apigateway:us-west-2:lambda:path/2015-03-31/functions/arn:aws:lambda:us-west-2:851725642392:function:devops-chat-connect/invocations",
            "passthrough_behavior": "WHEN_NO_MATCH",
            "payload_format_version": "1.0",
            "request_parameters": null,
            "request_templates": null,
            "response_parameters": [],
            "template_selection_expression": "",
            "timeout_milliseconds": 29000,
            "tls_config": []
          },
          "sensitive_attributes": [],
          "private": "bnVsbA==",
          "dependencies": [
            "aws_apigatewayv2_api.chat_api",
            "aws_dynamodb_table.connections",
            "aws_iam_role.lambda_role",
            "aws_lambda_function.connect_handler",
            "data.archive_file.connect_zip"
          ]
        }
      ]
    },
    {
      "mode": "managed",
      "type": "aws_apigatewayv2_integration",
      "name": "disconnect_integration",
      "provider": "provider[\"registry.terraform.io/hashicorp/aws\"]",
      "instances": [
        {
          "schema_version": 0,
          "attributes": {
            "api_id": "m0mqkl8nti",
            "connection_id": "",
            "connection_type": "INTERNET",
            "content_handling_strategy": "",
            "credentials_arn": "",
            "description": "",
            "id": "3fn4aqd",
            "integration_method": "POST",
            "integration_response_selection_expression": "",
            "integration_subtype": "",
            "integration_type": "AWS_PROXY",
            "integration_uri": "arn:aws:apigateway:us-west-2:lambda:path/2015-03-31/functions/arn:aws:lambda:us-west-2:851725642392:function:devops-chat-disconnect/invocations",
            "passthrough_behavior": "WHEN_NO_MATCH",
            "payload_format_version": "1.0",
            "request_parameters": null,
            "request_templates": null,
            "response_parameters": [],
            "template_selection_expression": "",
            "timeout_milliseconds": 29000,
            "tls_config": []
          },
          "sensitive_attributes": [],
          "private": "bnVsbA==",
          "dependencies": [
            "aws_apigatewayv2_api.chat_api",
            "aws_dynamodb_table.connections",
            "aws_iam_role.lambda_role",
            "aws_lambda_function.disconnect_handler",
            "data.archive_file.disconnect_zip"
          ]
        }
      ]
    },
    {
      "mode": "managed",
      "type": "aws_apigatewayv2_integration",
      "name": "message_integration",
      "provider": "provider[\"registry.terraform.io/hashicorp/aws\"]",
      "instances": [
        {
          "schema_version": 0,
          "attributes": {
            "api_id": "m0mqkl8nti",
            "connection_id": "",
            "connection_type": "INTERNET",
            "content_handling_strategy": "",
            "credentials_arn": "",
            "description": "",
            "id": "eae7cbf",
            "integration_method": "POST",
            "integration_response_selection_expression": "",
            "integration_subtype": "",
            "integration_type": "AWS_PROXY",
            "integration_uri": "arn:aws:apigateway:us-west-2:lambda:path/2015-03-31/functions/arn:aws:lambda:us-west-2:851725642392:function:devops-chat-message/invocations",
            "passthrough_behavior": "WHEN_NO_MATCH",
            "payload_format_version": "1.0",
            "request_parameters": null,
            "request_templates": null,
            "response_parameters": [],
            "template_selection_expression": "",
            "timeout_milliseconds": 29000,
            "tls_config": []
          },
          "sensitive_attributes": [],
          "private": "bnVsbA==",
          "dependencies": [
            "aws_apigatewayv2_api.chat_api",
            "aws_dynamodb_table.connections",
            "aws_dynamodb_table.messages",
            "aws_iam_role.lambda_role",
            "aws_lambda_function.message_handler",
            "data.archive_file.message_zip"
          ]
        }
      ]
    },
    {
      "mode": "managed",
      "type": "aws_apigatewayv2_route",
      "name": "connect_route",
      "provider": "provider[\"registry.terraform.io/hashicorp/aws\"]",
      "instances": [
        {
          "schema_version": 0,
          "attributes": {
            "api_id": "m0mqkl8nti",
            "api_key_required": false,
            "authorization_scopes": null,
            "authorization_type": "NONE",
            "authorizer_id": "",
            "id": "w1ipxbl",
            "model_selection_expression": "",
            "operation_name": "",
            "request_models": null,
            "request_parameter": [],
            "route_key": "$connect",
            "route_response_selection_expression": "",
            "target": "integrations/3wrhjx4"
          },
          "sensitive_attributes": [],
          "private": "bnVsbA==",
          "dependencies": [
            "aws_apigatewayv2_api.chat_api",
            "aws_apigatewayv2_integration.connect_integration",
            "aws_dynamodb_table.connections",
            "aws_iam_role.lambda_role",
            "aws_lambda_function.connect_handler",
            "data.archive_file.connect_zip"
          ]
        }
      ]
    },
    {
      "mode": "managed",
      "type": "aws_apigatewayv2_route",
      "name": "default_route",
      "provider": "provider[\"registry.terraform.io/hashicorp/aws\"]",
      "instances": [
        {
          "schema_version": 0,
          "attributes": {
            "api_id": "m0mqkl8nti",
            "api_key_required": false,
            "authorization_scopes": null,
            "authorization_type": "NONE",
            "authorizer_id": "",
            "id": "ulexadi",
            "model_selection_expression": "",
            "operation_name": "",
            "request_models": null,
            "request_parameter": [],
            "route_key": "$default",
            "route_response_selection_expression": "",
            "target": "integrations/eae7cbf"
          },
          "sensitive_attributes": [],
          "private": "bnVsbA==",
          "dependencies": [
            "aws_apigatewayv2_api.chat_api",
            "aws_apigatewayv2_integration.message_integration",
            "aws_dynamodb_table.connections",
            "aws_dynamodb_table.messages",
            "aws_iam_role.lambda_role",
            "aws_lambda_function.message_handler",
            "data.archive_file.message_zip"
          ]
        }
      ]
    },
    {
      "mode": "managed",
      "type": "aws_apigatewayv2_route",
      "name": "disconnect_route",
      "provider": "provider[\"registry.terraform.io/hashicorp/aws\"]",
      "instances": [
        {
          "schema_version": 0,
          "attributes": {
            "api_id": "m0mqkl8nti",
            "api_key_required": false,
            "authorization_scopes": null,
            "authorization_type": "NONE",
            "authorizer_id": "",
            "id": "ql3oztd",
            "model_selection_expression": "",
            "operation_name": "",
            "request_models": null,
            "request_parameter": [],
            "route_key": "$disconnect",
            "route_response_selection_expression": "",
            "target": "integrations/3fn4aqd"
          },
          "sensitive_attributes": [],
          "private": "bnVsbA==",
          "dependencies": [
            "aws_apigatewayv2_api.chat_api",
            "aws_apigatewayv2_integration.disconnect_integration",
            "aws_dynamodb_table.connections",
            "aws_iam_role.lambda_role",
            "aws_lambda_function.disconnect_handler",
            "data.archive_file.disconnect_zip"
          ]
        }
      ]
    },
    {
      "mode": "managed",
      "type": "aws_apigatewayv2_route",
      "name": "message_route",
      "provider": "provider[\"registry.terraform.io/hashicorp/aws\"]",
      "instances": [
        {
          "schema_version": 0,
          "attributes": {
            "api_id": "m0mqkl8nti",
            "api_key_required": false,
            "authorization_scopes": null,
            "authorization_type": "NONE",
            "authorizer_id": "",
            "id": "2558z1l",
            "model_selection_expression": "",
            "operation_name": "",
            "request_models": null,
            "request_parameter": [],
            "route_key": "sendMessage",
            "route_response_selection_expression": "",
            "target": "integrations/eae7cbf"
          },
          "sensitive_attributes": [],
          "private": "bnVsbA==",
          "dependencies": [
            "aws_apigatewayv2_api.chat_api",
            "aws_apigatewayv2_integration.message_integration",
            "aws_dynamodb_table.connections",
            "aws_dynamodb_table.messages",
            "aws_iam_role.lambda_role",
            "aws_lambda_function.message_handler",
            "data.archive_file.message_zip"
          ]
        }
      ]
    },
    {
      "mode": "managed",
      "type": "aws_apigatewayv2_stage",
      "name": "chat_stage",
      "provider": "provider[\"registry.terraform.io/hashicorp/aws\"]",
      "instances": [
        {
          "schema_version": 0,
          "attributes": {
            "access_log_settings": [],
            "api_id": "m0mqkl8nti",
            "arn": "arn:aws:apigateway:us-west-2::/apis/m0mqkl8nti/stages/dr",
            "auto_deploy": true,
            "client_certificate_id": "",
            "default_route_settings": [
              {
                "data_trace_enabled": false,
                "detailed_metrics_enabled": false,
                "logging_level": "OFF",
                "throttling_burst_limit": 0,
                "throttling_rate_limit": 0
              }
            ],
            "deployment_id": "",
            "description": "",
            "execution_arn": "arn:aws:execute-api:us-west-2:851725642392:m0mqkl8nti/dr",
            "id": "dr",
            "invoke_url": "wss://m0mqkl8nti.execute-api.us-west-2.amazonaws.com/dr",
            "name": "dr",
            "route_settings": [],
            "stage_variables": null,
            "tags": {
              "Environment": "dr",
              "Project": "devops-chat"
            },
            "tags_all": {
              "Environment": "dr",
              "Project": "devops-chat"
            }
          },
          "sensitive_attributes": [],
          "private": "bnVsbA==",
          "dependencies": [
            "aws_api_gateway_account.api_gateway_account",
            "aws_apigatewayv2_api.chat_api",
            "aws_iam_role.api_gateway_cloudwatch_role",
            "aws_iam_role_policy_attachment.api_gateway_cloudwatch_logs"
          ]
        }
      ]
    },
    {
      "mode": "managed",
      "type": "aws_cloudfront_distribution",
      "name": "chat_files_cdn",
      "provider": "provider[\"registry.terraform.io/hashicorp/aws\"]",
      "instances": [
        {
          "schema_version": 1,
          "attributes": {
            "aliases": null,
            "arn": "arn:aws:cloudfront::851725642392:distribution/E2IPWB0B61YXFT",
            "caller_reference": "terraform-20251031170328898100000003",
            "comment": null,
            "continuous_deployment_policy_id": "",
            "custom_error_response": [],
            "default_cache_behavior": [
              {
                "allowed_methods": [
                  "DELETE",
                  "GET",
                  "HEAD",
                  "OPTIONS",
                  "PATCH",
                  "POST",
                  "PUT"
                ],
                "cache_policy_id": "",
                "cached_methods": [
                  "GET",
                  "HEAD"
                ],
                "compress": true,
                "default_ttl": 0,
                "field_level_encryption_id": "",
                "forwarded_values": [
                  {
                    "cookies": [
                      {
                        "forward": "none",
                        "whitelisted_names": []
                      }
                    ],
                    "headers": [],
                    "query_string": false,
                    "query_string_cache_keys": []
                  }
                ],
                "function_association": [],
                "grpc_config": [
                  {
                    "enabled": false
                  }
                ],
                "lambda_function_association": [],
                "max_ttl": 0,
                "min_ttl": 0,
                "origin_request_policy_id": "",
                "realtime_log_config_arn": "",
                "response_headers_policy_id": "",
                "smooth_streaming": false,
                "target_origin_id": "S3-devops-chat-chat-files-kp8jr1ma",
                "trusted_key_groups": [],
                "trusted_signers": [],
                "viewer_protocol_policy": "redirect-to-https"
              }
            ],
            "default_root_object": "",
            "domain_name": "d3h0al6gs0y74w.cloudfront.net",
            "enabled": true,
            "etag": "E3EAPMRANDQP37",
            "hosted_zone_id": "Z2FDTNDATAQYW2",
            "http_version": "http2",
            "id": "E2IPWB0B61YXFT",
            "in_progress_validation_batches": 0,
            "is_ipv6_enabled": false,
            "last_modified_time": "2025-10-31 17:02:31.241 +0000 UTC",
            "logging_config": [],
            "ordered_cache_behavior": [],
            "origin": [
              {
                "connection_attempts": 3,
                "connection_timeout": 10,
                "custom_header": [],
                "custom_origin_config": [],
                "domain_name": "devops-chat-chat-files-kp8jr1ma.s3.us-west-2.amazonaws.com",
                "origin_access_control_id": "",
                "origin_id": "S3-devops-chat-chat-files-kp8jr1ma",
                "origin_path": "",
                "origin_shield": [],
                "s3_origin_config": [
                  {
                    "origin_access_identity": "origin-access-identity/cloudfront/ESDO9YKWAFC9D"
                  }
                ],
                "vpc_origin_config": []
              }
            ],
            "origin_group": [],
            "price_class": "PriceClass_All",
            "restrictions": [
              {
                "geo_restriction": [
                  {
                    "locations": [],
                    "restriction_type": "none"
                  }
                ]
              }
            ],
            "retain_on_delete": false,
            "staging": false,
            "status": "Deployed",
            "tags": {
              "Environment": "dr",
              "Project": "devops-chat"
            },
            "tags_all": {
              "Environment": "dr",
              "Project": "devops-chat"
            },
            "trusted_key_groups": [
              {
                "enabled": false,
                "items": []
              }
            ],
            "trusted_signers": [
              {
                "enabled": false,
                "items": []
              }
            ],
            "viewer_certificate": [
              {
                "acm_certificate_arn": "",
                "cloudfront_default_certificate": true,
                "iam_certificate_id": "",
                "minimum_protocol_version": "TLSv1",
                "ssl_support_method": ""
              }
            ],
            "wait_for_deployment": true,
            "web_acl_id": ""
          },
          "sensitive_attributes": [],
          "private": "eyJzY2hlbWFfdmVyc2lvbiI6IjEifQ==",
          "dependencies": [
            "aws_cloudfront_origin_access_identity.oai",
            "aws_s3_bucket.chat_files",
            "random_string.bucket_suffix"
          ]
        }
      ]
    },
    {
      "mode": "managed",
      "type": "aws_cloudfront_origin_access_identity",
      "name": "oai",
      "provider": "provider[\"registry.terraform.io/hashicorp/aws\"]",
      "instances": [
        {
          "schema_version": 0,
          "attributes": {
            "arn": "arn:aws:cloudfront::851725642392:origin-access-identity/ESDO9YKWAFC9D",
            "caller_reference": "terraform-20251031170322922500000001",
            "cloudfront_access_identity_path": "origin-access-identity/cloudfront/ESDO9YKWAFC9D",
            "comment": "Chat files OAI",
            "etag": "E3UN6WX5RRO2AG",
            "iam_arn": "arn:aws:iam::cloudfront:user/CloudFront Origin Access Identity ESDO9YKWAFC9D",
            "id": "ESDO9YKWAFC9D",
            "s3_canonical_user_id": "48d11f406985e61bcb822722863dfdb90d9286e0c136bf535c56707ae3c4c381c14c96ec6804bbb38169651381f2fc7d"
          },
          "sensitive_attributes": [],
          "private": "bnVsbA=="
        }
      ]
    },
    {
      "mode": "managed",
      "type": "aws_cloudwatch_dashboard",
      "name": "chat_dashboard",
      "provider": "provider[\"registry.terraform.io/hashicorp/aws\"]",
      "instances": [
        {
          "schema_version": 0,
          "attributes": {
            "dashboard_arn": "arn:aws:cloudwatch::851725642392:dashboard/devops-chat-dashboard",
            "dashboard_body": "{\"widgets\":[{\"height\":6,\"properties\":{\"metrics\":[[\"AWS/Lambda\",\"Duration\",\"FunctionName\",\"devops-chat-message\"],[\"AWS/Lambda\",\"Invocations\",\"FunctionName\",\"devops-chat-message\"],[\"AWS/Lambda\",\"Errors\",\"FunctionName\",\"devops-chat-message\"]],\"period\":300,\"region\":\"us-west-2\",\"stat\":\"Average\",\"title\":\"Chat Lambda Metrics\"},\"type\":\"metric\",\"width\":12,\"x\":0,\"y\":0},{\"height\":6,\"properties\":{\"metrics\":[[\"AWS/S3\",\"BucketSizeBytes\",\"BucketName\",\"devops-chat-chat-files-kp8jr1ma\",\"StorageType\",\"StandardStorage\"],[\"AWS/S3\",\"NumberOfObjects\",\"BucketName\",\"devops-chat-chat-files-kp8jr1ma\",\"StorageType\",\"AllStorageTypes\"]],\"period\":86400,\"region\":\"us-west-2\",\"stat\":\"Average\",\"title\":\"S3 Storage Metrics\"},\"type\":\"metric\",\"width\":12,\"x\":12,\"y\":0}]}",
            "dashboard_name": "devops-chat-dashboard",
            "id": "devops-chat-dashboard"
          },
          "sensitive_attributes": [],
          "private": "bnVsbA==",
          "dependencies": [
            "aws_dynamodb_table.connections",
            "aws_dynamodb_table.messages",
            "aws_iam_role.lambda_role",
            "aws_lambda_function.message_handler",
            "aws_s3_bucket.chat_files",
            "data.archive_file.message_zip",
            "data.aws_region.current",
            "random_string.bucket_suffix"
          ]
        }
      ]
    },
    {
      "mode": "managed",
      "type": "aws_cloudwatch_event_rule",
      "name": "ai_trigger",
      "provider": "provider[\"registry.terraform.io/hashicorp/aws\"]",
      "instances": [
        {
          "schema_version": 1,
          "attributes": {
            "arn": "arn:aws:events:us-west-2:851725642392:rule/devops-chat-ai-trigger",
            "description": "",
            "event_bus_name": "default",
            "event_pattern": "{\"detail-type\":[\"New Message\"],\"source\":[\"chat.message\"]}",
            "force_destroy": false,
            "id": "devops-chat-ai-trigger",
            "is_enabled": true,
            "name": "devops-chat-ai-trigger",
            "name_prefix": "",
            "role_arn": "",
            "schedule_expression": "",
            "state": "ENABLED",
            "tags": {
              "Environment": "dr",
              "Project": "devops-chat"
            },
            "tags_all": {
              "Environment": "dr",
              "Project": "devops-chat"
            }
          },
          "sensitive_attributes": [],
          "private": "eyJzY2hlbWFfdmVyc2lvbiI6IjEifQ=="
        }
      ]
    },
    {
      "mode": "managed",
      "type": "aws_cloudwatch_event_target",
      "name": "ai_target",
      "provider": "provider[\"registry.terraform.io/hashicorp/aws\"]",
      "instances": [
        {
          "schema_version": 1,
          "attributes": {
            "appsync_target": [],
            "arn": "arn:aws:lambda:us-west-2:851725642392:function:devops-chat-ai-assistant",
            "batch_target": [],
            "dead_letter_config": [],
            "ecs_target": [],
            "event_bus_name": "default",
            "force_destroy": false,
            "http_target": [],
            "id": "devops-chat-ai-trigger-AiAssistantTarget",
            "input": "",
            "input_path": "",
            "input_transformer": [],
            "kinesis_target": [],
            "redshift_target": [],
            "retry_policy": [],
            "role_arn": "",
            "rule": "devops-chat-ai-trigger",
            "run_command_targets": [],
            "sagemaker_pipeline_target": [],
            "sqs_target": [],
            "target_id": "AiAssistantTarget"
          },
          "sensitive_attributes": [],
          "private": "eyJzY2hlbWFfdmVyc2lvbiI6IjEifQ==",
          "dependencies": [
            "aws_cloudwatch_event_rule.ai_trigger",
            "aws_dynamodb_table.connections",
            "aws_dynamodb_table.messages",
            "aws_iam_role.lambda_ai_role",
            "aws_lambda_function.ai_assistant",
            "data.archive_file.ai_assistant_zip"
          ]
        }
      ]
    },
    {
      "mode": "managed",
      "type": "aws_cloudwatch_log_group",
      "name": "ai_logs",
      "provider": "provider[\"registry.terraform.io/hashicorp/aws\"]",
      "instances": [
        {
          "schema_version": 0,
          "attributes": {
            "arn": "arn:aws:logs:us-west-2:851725642392:log-group:/aws/lambda/devops-chat-ai-assistant",
            "id": "/aws/lambda/devops-chat-ai-assistant",
            "kms_key_id": "",
            "log_group_class": "STANDARD",
            "name": "/aws/lambda/devops-chat-ai-assistant",
            "name_prefix": "",
            "retention_in_days": 7,
            "skip_destroy": false,
            "tags": {
              "Environment": "dr",
              "Project": "devops-chat"
            },
            "tags_all": {
              "Environment": "dr",
              "Project": "devops-chat"
            }
          },
          "sensitive_attributes": [],
          "private": "bnVsbA==",
          "dependencies": [
            "aws_dynamodb_table.connections",
            "aws_dynamodb_table.messages",
            "aws_iam_role.lambda_ai_role",
            "aws_lambda_function.ai_assistant",
            "data.archive_file.ai_assistant_zip"
          ]
        }
      ]
    },
    {
      "mode": "managed",
      "type": "aws_cloudwatch_log_group",
      "name": "connect_logs",
      "provider": "provider[\"registry.terraform.io/hashicorp/aws\"]",
      "instances": [
        {
          "schema_version": 0,
          "attributes": {
            "arn": "arn:aws:logs:us-west-2:851725642392:log-group:/aws/lambda/devops-chat-connect",
            "id": "/aws/lambda/devops-chat-connect",
            "kms_key_id": "",
            "log_group_class": "STANDARD",
            "name": "/aws/lambda/devops-chat-connect",
            "name_prefix": "",
            "retention_in_days": 7,
            "skip_destroy": false,
            "tags": {
              "Environment": "dr",
              "Project": "devops-chat"
            },
            "tags_all": {
              "Environment": "dr",
              "Project": "devops-chat"
            }
          },
          "sensitive_attributes": [],
          "private": "bnVsbA==",
          "dependencies": [
            "aws_dynamodb_table.connections",
            "aws_iam_role.lambda_role",
            "aws_lambda_function.connect_handler",
            "data.archive_file.connect_zip"
          ]
        }
      ]
    },
    {
      "mode": "managed",
      "type": "aws_cloudwatch_log_group",
      "name": "disconnect_logs",
      "provider": "provider[\"registry.terraform.io/hashicorp/aws\"]",
      "instances": [
        {
          "schema_version": 0,
          "attributes": {
            "arn": "arn:aws:logs:us-west-2:851725642392:log-group:/aws/lambda/devops-chat-disconnect",
            "id": "/aws/lambda/devops-chat-disconnect",
            "kms_key_id": "",
            "log_group_class": "STANDARD",
            "name": "/aws/lambda/devops-chat-disconnect",
            "name_prefix": "",
            "retention_in_days": 7,
            "skip_destroy": false,
            "tags": {
              "Environment": "dr",
              "Project": "devops-chat"
            },
            "tags_all": {
              "Environment": "dr",
              "Project": "devops-chat"
            }
          },
          "sensitive_attributes": [],
          "private": "bnVsbA==",
          "dependencies": [
            "aws_dynamodb_table.connections",
            "aws_iam_role.lambda_role",
            "aws_lambda_function.disconnect_handler",
            "data.archive_file.disconnect_zip"
          ]
        }
      ]
    },
    {
      "mode": "managed",
      "type": "aws_cloudwatch_log_group",
      "name": "file_upload_logs",
      "provider": "provider[\"registry.terraform.io/hashicorp/aws\"]",
      "instances": [
        {
          "schema_version": 0,
          "attributes": {
            "arn": "arn:aws:logs:us-west-2:851725642392:log-group:/aws/lambda/devops-chat-file-upload",
            "id": "/aws/lambda/devops-chat-file-upload",
            "kms_key_id": "",
            "log_group_class": "STANDARD",
            "name": "/aws/lambda/devops-chat-file-upload",
            "name_prefix": "",
            "retention_in_days": 7,
            "skip_destroy": false,
            "tags": {
              "Environment": "dr",
              "Project": "devops-chat"
            },
            "tags_all": {
              "Environment": "dr",
              "Project": "devops-chat"
            }
          },
          "sensitive_attributes": [],
          "private": "bnVsbA==",
          "dependencies": [
            "aws_cloudfront_distribution.chat_files_cdn",
            "aws_cloudfront_origin_access_identity.oai",
            "aws_iam_role.lambda_role",
            "aws_lambda_function.file_upload",
            "aws_s3_bucket.chat_files",
            "data.archive_file.file_upload_zip",
            "random_string.bucket_suffix"
          ]
        }
      ]
    },
    {
      "mode": "managed",
      "type": "aws_cloudwatch_log_group",
      "name": "message_logs",
      "provider": "provider[\"registry.terraform.io/hashicorp/aws\"]",
      "instances": [
        {
          "schema_version": 0,
          "attributes": {
            "arn": "arn:aws:logs:us-west-2:851725642392:log-group:/aws/lambda/devops-chat-message",
            "id": "/aws/lambda/devops-chat-message",
            "kms_key_id": "",
            "log_group_class": "STANDARD",
            "name": "/aws/lambda/devops-chat-message",
            "name_prefix": "",
            "retention_in_days": 7,
            "skip_destroy": false,
            "tags": {
              "Environment": "dr",
              "Project": "devops-chat"
            },
            "tags_all": {
              "Environment": "dr",
              "Project": "devops-chat"
            }
          },
          "sensitive_attributes": [],
          "private": "bnVsbA==",
          "dependencies": [
            "aws_dynamodb_table.connections",
            "aws_dynamodb_table.messages",
            "aws_iam_role.lambda_role",
            "aws_lambda_function.message_handler",
            "data.archive_file.message_zip"
          ]
        }
      ]
    },
    {
      "mode": "managed",
      "type": "aws_cloudwatch_metric_alarm",
      "name": "lambda_errors",
      "provider": "provider[\"registry.terraform.io/hashicorp/aws\"]",
      "instances": [
        {
          "schema_version": 1,
          "attributes": {
            "actions_enabled": true,
            "alarm_actions": null,
            "alarm_description": "This metric monitors lambda errors",
            "alarm_name": "devops-chat-lambda-errors",
            "arn": "arn:aws:cloudwatch:us-west-2:851725642392:alarm:devops-chat-lambda-errors",
            "comparison_operator": "GreaterThanThreshold",
            "datapoints_to_alarm": 0,
            "dimensions": {
              "FunctionName": "devops-chat-message"
            },
            "evaluate_low_sample_count_percentiles": "",
            "evaluation_periods": 2,
            "extended_statistic": "",
            "id": "devops-chat-lambda-errors",
            "insufficient_data_actions": null,
            "metric_name": "Errors",
            "metric_query": [],
            "namespace": "AWS/Lambda",
            "ok_actions": null,
            "period": 120,
            "statistic": "Sum",
            "tags": {
              "Environment": "dr",
              "Project": "devops-chat"
            },
            "tags_all": {
              "Environment": "dr",
              "Project": "devops-chat"
            },
            "threshold": 5,
            "threshold_metric_id": "",
            "treat_missing_data": "missing",
            "unit": ""
          },
          "sensitive_attributes": [],
          "private": "eyJzY2hlbWFfdmVyc2lvbiI6IjEifQ==",
          "dependencies": [
            "aws_dynamodb_table.connections",
            "aws_dynamodb_table.messages",
            "aws_iam_role.lambda_role",
            "aws_lambda_function.message_handler",
            "data.archive_file.message_zip"
          ]
        }
      ]
    },
    {
      "mode": "managed",
      "type": "aws_cognito_user_pool",
      "name": "chat_pool",
      "provider": "provider[\"registry.terraform.io/hashicorp/aws\"]",
      "instances": [
        {
          "schema_version": 0,
          "attributes": {
            "account_recovery_setting": [
              {
                "recovery_mechanism": [
                  {
                    "name": "verified_email",
                    "priority": 1
                  },
                  {
                    "name": "verified_phone_number",
                    "priority": 2
                  }
                ]
              }
            ],
            "admin_create_user_config": [
              {
                "allow_admin_create_user_only": false,
                "invite_message_template": []
              }
            ],
            "alias_attributes": null,
            "arn": "arn:aws:cognito-idp:us-west-2:851725642392:userpool/us-west-2_l89LkhoL0",
            "auto_verified_attributes": [
              "email"
            ],
            "creation_date": "2025-10-31T17:02:26Z",
            "custom_domain": "",
            "deletion_protection": "INACTIVE",
            "device_configuration": [],
            "domain": "",
            "email_configuration": [
              {
                "configuration_set": "",
                "email_sending_account": "COGNITO_DEFAULT",
                "from_email_address": "",
                "reply_to_email_address": "",
                "source_arn": ""
              }
            ],
            "email_mfa_configuration": [],
            "email_verification_message": "Your verification code for DevOps Chat is {####}",
            "email_verification_subject": "DevOps Chat - Verify your email",
            "endpoint": "cognito-idp.us-west-2.amazonaws.com/us-west-2_l89LkhoL0",
            "estimated_number_of_users": 0,
            "id": "us-west-2_l89LkhoL0",
            "lambda_config": [],
            "last_modified_date": "2025-10-31T17:02:26Z",
            "mfa_configuration": "OFF",
            "name": "devops-chat-user-pool",
            "password_policy": [
              {
                "minimum_length": 8,
                "password_history_size": 0,
                "require_lowercase": true,
                "require_numbers": true,
                "require_symbols": true,
                "require_uppercase": true,
                "temporary_password_validity_days": 7
              }
            ],
            "schema": [
              {
                "attribute_data_type": "String",
                "developer_only_attribute": null,
                "mutable": true,
                "name": "email",
                "number_attribute_constraints": [],
                "required": true,
                "string_attribute_constraints": []
              },
              {
                "attribute_data_type": "String",
                "developer_only_attribute": null,
                "mutable": true,
                "name": "given_name",
                "number_attribute_constraints": [],
                "required": false,
                "string_attribute_constraints": []
              }
            ],
            "sign_in_policy": [
              {
                "allowed_first_auth_factors": [
                  "PASSWORD"
                ]
              }
            ],
            "sms_authentication_message": "",
            "sms_configuration": [],
            "sms_verification_message": "",
            "software_token_mfa_configuration": [],
            "tags": {
              "Environment": "dr",
              "Project": "devops-chat"
            },
            "tags_all": {
              "Environment": "dr",
              "Project": "devops-chat"
            },
            "user_attribute_update_settings": [],
            "user_pool_add_ons": [],
            "user_pool_tier": "ESSENTIALS",
            "username_attributes": [
              "email"
            ],
            "username_configuration": [],
            "verification_message_template": [
              {
                "default_email_option": "CONFIRM_WITH_CODE",
                "email_message": "Your verification code for DevOps Chat is {####}",
                "email_message_by_link": "",
                "email_subject": "DevOps Chat - Verify your email",
                "email_subject_by_link": "",
                "sms_message": ""
              }
            ],
            "web_authn_configuration": []
          },
          "sensitive_attributes": [],
          "private": "bnVsbA=="
        }
      ]
    },
    {
      "mode": "managed",
      "type": "aws_cognito_user_pool_client",
      "name": "chat_client",
      "provider": "provider[\"registry.terraform.io/hashicorp/aws\"]",
      "instances": [
        {
          "schema_version": 0,
          "attributes": {
            "access_token_validity": 0,
            "allowed_oauth_flows": [],
            "allowed_oauth_flows_user_pool_client": false,
            "allowed_oauth_scopes": [],
            "analytics_configuration": [],
            "auth_session_validity": 3,
            "callback_urls": [],
            "client_secret": "",
            "default_redirect_uri": "",
            "enable_propagate_additional_user_context_data": false,
            "enable_token_revocation": true,
            "explicit_auth_flows": [
              "ALLOW_ADMIN_USER_PASSWORD_AUTH",
              "ALLOW_REFRESH_TOKEN_AUTH",
              "ALLOW_USER_PASSWORD_AUTH",
              "ALLOW_USER_SRP_AUTH"
            ],
            "generate_secret": false,
            "id": "5k5vic9j5601tti3laeig4bfg8",
            "id_token_validity": 0,
            "logout_urls": [],
            "name": "devops-chat-client",
            "prevent_user_existence_errors": "",
            "read_attributes": [
              "email",
              "email_verified",
              "family_name",
              "given_name",
              "name"
            ],
            "refresh_token_rotation": [],
            "refresh_token_validity": 30,
            "supported_identity_providers": [
              "COGNITO"
            ],
            "token_validity_units": [],
            "user_pool_id": "us-west-2_l89LkhoL0",
            "write_attributes": [
              "email",
              "family_name",
              "given_name",
              "name"
            ]
          },
          "sensitive_attributes": [
            [
              {
                "type": "get_attr",
                "value": "client_secret"
              }
            ]
          ],
          "dependencies": [
            "aws_cognito_user_pool.chat_pool"
          ]
        }
      ]
    },
    {
      "mode": "managed",
      "type": "aws_dynamodb_table",
      "name": "connections",
      "provider": "provider[\"registry.terraform.io/hashicorp/aws\"]",
      "instances": [
        {
          "schema_version": 1,
          "attributes": {
            "arn": "arn:aws:dynamodb:us-west-2:851725642392:table/devops-chat-connections",
            "attribute": [
              {
                "name": "connectionId",
                "type": "S"
              },
              {
                "name": "roomId",
                "type": "S"
              }
            ],
            "billing_mode": "PAY_PER_REQUEST",
            "deletion_protection_enabled": false,
            "global_secondary_index": [],
            "hash_key": "roomId",
            "id": "devops-chat-connections",
            "import_table": [],
            "local_secondary_index": [],
            "name": "devops-chat-connections",
            "on_demand_throughput": [],
            "point_in_time_recovery": [
              {
                "enabled": false,
                "recovery_period_in_days": 0
              }
            ],
            "range_key": "connectionId",
            "read_capacity": 0,
            "replica": [],
            "restore_date_time": null,
            "restore_source_name": null,
            "restore_source_table_arn": null,
            "restore_to_latest_time": null,
            "server_side_encryption": [],
            "stream_arn": "",
            "stream_enabled": false,
            "stream_label": "",
            "stream_view_type": "",
            "table_class": "STANDARD",
            "tags": {
              "Environment": "dr",
              "Project": "devops-chat"
            },
            "tags_all": {
              "Environment": "dr",
              "Project": "devops-chat"
            },
            "timeouts": null,
            "ttl": [
              {
                "attribute_name": "ttl",
                "enabled": true
              }
            ],
            "write_capacity": 0
          },
          "sensitive_attributes": [],
          "private": "eyJlMmJmYjczMC1lY2FhLTExZTYtOGY4OC0zNDM2M2JjN2M0YzAiOnsiY3JlYXRlIjoxODAwMDAwMDAwMDAwLCJkZWxldGUiOjYwMDAwMDAwMDAwMCwidXBkYXRlIjozNjAwMDAwMDAwMDAwfSwic2NoZW1hX3ZlcnNpb24iOiIxIn0="
        }
      ]
    },
    {
      "mode": "managed",
      "type": "aws_dynamodb_table",
      "name": "messages",
      "provider": "provider[\"registry.terraform.io/hashicorp/aws\"]",
      "instances": [
        {
          "schema_version": 1,
          "attributes": {
            "arn": "arn:aws:dynamodb:us-west-2:851725642392:table/devops-chat-messages",
            "attribute": [
              {
                "name": "roomId",
                "type": "S"
              },
              {
                "name": "timestamp",
                "type": "S"
              }
            ],
            "billing_mode": "PAY_PER_REQUEST",
            "deletion_protection_enabled": false,
            "global_secondary_index": [],
            "hash_key": "roomId",
            "id": "devops-chat-messages",
            "import_table": [],
            "local_secondary_index": [],
            "name": "devops-chat-messages",
            "on_demand_throughput": [],
            "point_in_time_recovery": [
              {
                "enabled": false,
                "recovery_period_in_days": 0
              }
            ],
            "range_key": "timestamp",
            "read_capacity": 0,
            "replica": [],
            "restore_date_time": null,
            "restore_source_name": null,
            "restore_source_table_arn": null,
            "restore_to_latest_time": null,
            "server_side_encryption": [],
            "stream_arn": "",
            "stream_enabled": false,
            "stream_label": "",
            "stream_view_type": "",
            "table_class": "STANDARD",
            "tags": {
              "Environment": "dr",
              "Project": "devops-chat"
            },
            "tags_all": {
              "Environment": "dr",
              "Project": "devops-chat"
            },
            "timeouts": null,
            "ttl": [
              {
                "attribute_name": "",
                "enabled": false
              }
            ],
            "write_capacity": 0
          },
          "sensitive_attributes": [],
          "private": "eyJlMmJmYjczMC1lY2FhLTExZTYtOGY4OC0zNDM2M2JjN2M0YzAiOnsiY3JlYXRlIjoxODAwMDAwMDAwMDAwLCJkZWxldGUiOjYwMDAwMDAwMDAwMCwidXBkYXRlIjozNjAwMDAwMDAwMDAwfSwic2NoZW1hX3ZlcnNpb24iOiIxIn0="
        }
      ]
    },
    {
      "mode": "managed",
      "type": "aws_iam_policy",
      "name": "bedrock_policy",
      "provider": "provider[\"registry.terraform.io/hashicorp/aws\"]",
      "instances": [
        {
          "schema_version": 0,
          "attributes": {
            "arn": "arn:aws:iam::851725642392:policy/devops-chat-bedrock-policy",
            "attachment_count": 0,
            "description": "",
            "id": "arn:aws:iam::851725642392:policy/devops-chat-bedrock-policy",
            "name": "devops-chat-bedrock-policy",
            "name_prefix": "",
            "path": "/",
            "policy": "{\"Statement\":[{\"Action\":[\"bedrock:InvokeModel\",\"bedrock:InvokeModelWithResponseStream\"],\"Effect\":\"Allow\",\"Resource\":\"arn:aws:bedrock:us-west-2::foundation-model/*\"},{\"Action\":[\"dynamodb:PutItem\",\"dynamodb:DeleteItem\",\"dynamodb:Query\",\"dynamodb:GetItem\",\"dynamodb:Scan\"],\"Effect\":\"Allow\",\"Resource\":[\"arn:aws:dynamodb:us-west-2:851725642392:table/devops-chat-connections\",\"arn:aws:dynamodb:us-west-2:851725642392:table/devops-chat-messages\"]},{\"Action\":[\"execute-api:ManageConnections\"],\"Effect\":\"Allow\",\"Resource\":\"arn:aws:execute-api:us-west-2:851725642392:*\"},{\"Action\":[\"logs:CreateLogGroup\",\"logs:CreateLogStream\",\"logs:PutLogEvents\"],\"Effect\":\"Allow\",\"Resource\":\"arn:aws:logs:*:*:*\"}],\"Version\":\"2012-10-17\"}",
            "policy_id": "ANPA4MTWN5KMDEF274S55",
            "tags": null,
            "tags_all": {}
          },
          "sensitive_attributes": [],
          "private": "bnVsbA==",
          "dependencies": [
            "aws_dynamodb_table.connections",
            "aws_dynamodb_table.messages",
            "data.aws_caller_identity.current",
            "data.aws_region.current"
          ]
        }
      ]
    },
    {
      "mode": "managed",
      "type": "aws_iam_policy",
      "name": "lambda_policy",
      "provider": "provider[\"registry.terraform.io/hashicorp/aws\"]",
      "instances": [
        {
          "schema_version": 0,
          "attributes": {
            "arn": "arn:aws:iam::851725642392:policy/devops-chat-lambda-policy",
            "attachment_count": 0,
            "description": "IAM policy for chat app lambda functions",
            "id": "arn:aws:iam::851725642392:policy/devops-chat-lambda-policy",
            "name": "devops-chat-lambda-policy",
            "name_prefix": "",
            "path": "/",
            "policy": "{\"Statement\":[{\"Action\":[\"dynamodb:PutItem\",\"dynamodb:DeleteItem\",\"dynamodb:Query\",\"dynamodb:GetItem\",\"dynamodb:Scan\"],\"Effect\":\"Allow\",\"Resource\":[\"arn:aws:dynamodb:us-west-2:851725642392:table/devops-chat-connections\",\"arn:aws:dynamodb:us-west-2:851725642392:table/devops-chat-connections/index/*\",\"arn:aws:dynamodb:us-west-2:851725642392:table/devops-chat-messages\",\"arn:aws:dynamodb:us-west-2:851725642392:table/devops-chat-messages/index/*\"]},{\"Action\":[\"execute-api:ManageConnections\"],\"Effect\":\"Allow\",\"Resource\":\"arn:aws:execute-api:us-west-2:851725642392:*\"},{\"Action\":[\"s3:GetObject\",\"s3:PutObject\",\"s3:DeleteObject\"],\"Effect\":\"Allow\",\"Resource\":\"arn:aws:s3:::devops-chat-chat-files-kp8jr1ma/*\"},{\"Action\":[\"logs:CreateLogGroup\",\"logs:CreateLogStream\",\"logs:PutLogEvents\"],\"Effect\":\"Allow\",\"Resource\":\"arn:aws:logs:*:*:*\"}],\"Version\":\"2012-10-17\"}",
            "policy_id": "ANPA4MTWN5KMFPPWAR7AI",
            "tags": null,
            "tags_all": {}
          },
          "sensitive_attributes": [],
          "private": "bnVsbA==",
          "dependencies": [
            "aws_dynamodb_table.connections",
            "aws_dynamodb_table.messages",
            "aws_s3_bucket.chat_files",
            "data.aws_caller_identity.current",
            "data.aws_region.current",
            "random_string.bucket_suffix"
          ]
        }
      ]
    },
    {
      "mode": "managed",
      "type": "aws_iam_role",
      "name": "api_gateway_cloudwatch_role",
      "provider": "provider[\"registry.terraform.io/hashicorp/aws\"]",
      "instances": [
        {
          "schema_version": 0,
          "attributes": {
            "arn": "arn:aws:iam::851725642392:role/devops-chat-api-gateway-cloudwatch-role",
            "assume_role_policy": "{\"Statement\":[{\"Action\":\"sts:AssumeRole\",\"Effect\":\"Allow\",\"Principal\":{\"Service\":\"apigateway.amazonaws.com\"}}],\"Version\":\"2012-10-17\"}",
            "create_date": "2025-10-31T17:02:25Z",
            "description": "",
            "force_detach_policies": false,
            "id": "devops-chat-api-gateway-cloudwatch-role",
            "inline_policy": [],
            "managed_policy_arns": [],
            "max_session_duration": 3600,
            "name": "devops-chat-api-gateway-cloudwatch-role",
            "name_prefix": "",
            "path": "/",
            "permissions_boundary": "",
            "tags": {
              "Environment": "dr",
              "Project": "devops-chat"
            },
            "tags_all": {
              "Environment": "dr",
              "Project": "devops-chat"
            },
            "unique_id": "AROA4MTWN5KMKSH24625D"
          },
          "sensitive_attributes": [],
          "private": "bnVsbA=="
        }
      ]
    },
    {
      "mode": "managed",
      "type": "aws_iam_role",
      "name": "lambda_ai_role",
      "provider": "provider[\"registry.terraform.io/hashicorp/aws\"]",
      "instances": [
        {
          "schema_version": 0,
          "attributes": {
            "arn": "arn:aws:iam::851725642392:role/devops-chat-lambda-ai-role",
            "assume_role_policy": "{\"Statement\":[{\"Action\":\"sts:AssumeRole\",\"Effect\":\"Allow\",\"Principal\":{\"Service\":\"lambda.amazonaws.com\"}}],\"Version\":\"2012-10-17\"}",
            "create_date": "2025-10-31T17:02:25Z",
            "description": "",
            "force_detach_policies": false,
            "id": "devops-chat-lambda-ai-role",
            "inline_policy": [],
            "managed_policy_arns": [],
            "max_session_duration": 3600,
            "name": "devops-chat-lambda-ai-role",
            "name_prefix": "",
            "path": "/",
            "permissions_boundary": "",
            "tags": {
              "Environment": "dr",
              "Project": "devops-chat"
            },
            "tags_all": {
              "Environment": "dr",
              "Project": "devops-chat"
            },
            "unique_id": "AROA4MTWN5KMC2WWWFWGY"
          },
          "sensitive_attributes": [],
          "private": "bnVsbA=="
        }
      ]
    },
    {
      "mode": "managed",
      "type": "aws_iam_role",
      "name": "lambda_role",
      "provider": "provider[\"registry.terraform.io/hashicorp/aws\"]",
      "instances": [
        {
          "schema_version": 0,
          "attributes": {
            "arn": "arn:aws:iam::851725642392:role/devops-chat-lambda-role",
            "assume_role_policy": "{\"Statement\":[{\"Action\":\"sts:AssumeRole\",\"Effect\":\"Allow\",\"Principal\":{\"Service\":\"lambda.amazonaws.com\"}}],\"Version\":\"2012-10-17\"}",
            "create_date": "2025-10-31T17:02:25Z",
            "description": "",
            "force_detach_policies": false,
            "id": "devops-chat-lambda-role",
            "inline_policy": [],
            "managed_policy_arns": [],
            "max_session_duration": 3600,
            "name": "devops-chat-lambda-role",
            "name_prefix": "",
            "path": "/",
            "permissions_boundary": "",
            "tags": {
              "Environment": "dr",
              "Project": "devops-chat"
            },
            "tags_all": {
              "Environment": "dr",
              "Project": "devops-chat"
            },
            "unique_id": "AROA4MTWN5KMDZCPHW3EJ"
          },
          "sensitive_attributes": [],
          "private": "bnVsbA=="
        }
      ]
    },
    {
      "mode": "managed",
      "type": "aws_iam_role_policy_attachment",
      "name": "api_gateway_cloudwatch_logs",
      "provider": "provider[\"registry.terraform.io/hashicorp/aws\"]",
      "instances": [
        {
          "schema_version": 0,
          "attributes": {
            "id": "devops-chat-api-gateway-cloudwatch-role-20251031170324418700000002",
            "policy_arn": "arn:aws:iam::aws:policy/service-role/AmazonAPIGatewayPushToCloudWatchLogs",
            "role": "devops-chat-api-gateway-cloudwatch-role"
          },
          "sensitive_attributes": [],
          "private": "bnVsbA==",
          "dependencies": [
            "aws_iam_role.api_gateway_cloudwatch_role"
          ]
        }
      ]
    },
    {
      "mode": "managed",
      "type": "aws_iam_role_policy_attachment",
      "name": "bedrock_policy_attachment",
      "provider": "provider[\"registry.terraform.io/hashicorp/aws\"]",
      "instances": [
        {
          "schema_version": 0,
          "attributes": {
            "id": "devops-chat-lambda-ai-role-20251031170333836000000005",
            "policy_arn": "arn:aws:iam::851725642392:policy/devops-chat-bedrock-policy",
            "role": "devops-chat-lambda-ai-role"
          },
          "sensitive_attributes": [],
          "private": "bnVsbA==",
          "dependencies": [
            "aws_dynamodb_table.connections",
            "aws_dynamodb_table.messages",
            "aws_iam_policy.bedrock_policy",
            "aws_iam_role.lambda_ai_role",
            "data.aws_caller_identity.current",
            "data.aws_region.current"
          ]
        }
      ]
    },
    {
      "mode": "managed",
      "type": "aws_iam_role_policy_attachment",
      "name": "lambda_policy_attachment",
      "provider": "provider[\"registry.terraform.io/hashicorp/aws\"]",
      "instances": [
        {
          "schema_version": 0,
          "attributes": {
            "id": "devops-chat-lambda-role-20251031170333808800000004",
            "policy_arn": "arn:aws:iam::851725642392:policy/devops-chat-lambda-policy",
            "role": "devops-chat-lambda-role"
          },
          "sensitive_attributes": [],
          "private": "bnVsbA==",
          "dependencies": [
            "aws_dynamodb_table.connections",
            "aws_dynamodb_table.messages",
            "aws_iam_policy.lambda_policy",
            "aws_iam_role.lambda_role",
            "aws_s3_bucket.chat_files",
            "data.aws_caller_identity.current",
            "data.aws_region.current",
            "random_string.bucket_suffix"
          ]
        }
      ]
    },
    {
      "mode": "managed",
      "type": "aws_lambda_function",
      "name": "ai_assistant",
      "provider": "provider[\"registry.terraform.io/hashicorp/aws\"]",
      "instances": [
        {
          "schema_version": 0,
          "attributes": {
            "architectures": [
              "x86_64"
            ],
            "arn": "arn:aws:lambda:us-west-2:851725642392:function:devops-chat-ai-assistant",
            "code_sha256": "zeZsgrQPwOCHvIU4P9UNHQE7m29V99H7nFHxXTNCMic=",
            "code_signing_config_arn": "",
            "dead_letter_config": [],
            "description": "",
            "environment": [
              {
                "variables": {
                  "BEDROCK_MODEL_ID": "anthropic.claude-3-sonnet-20240229-v1:0",
                  "CONNECTIONS_TABLE": "devops-chat-connections",
                  "MESSAGES_TABLE": "devops-chat-messages"
                }
              }
            ],
            "ephemeral_storage": [
              {
                "size": 512
              }
            ],
            "file_system_config": [],
            "filename": "./ai-assistant.zip",
            "function_name": "devops-chat-ai-assistant",
            "handler": "index.handler",
            "id": "devops-chat-ai-assistant",
            "image_config": [],
            "image_uri": "",
            "invoke_arn": "arn:aws:apigateway:us-west-2:lambda:path/2015-03-31/functions/arn:aws:lambda:us-west-2:851725642392:function:devops-chat-ai-assistant/invocations",
            "kms_key_arn": "",
            "last_modified": "2025-10-31T17:02:49.846+0000",
            "layers": null,
            "logging_config": [
              {
                "application_log_level": "",
                "log_format": "Text",
                "log_group": "/aws/lambda/devops-chat-ai-assistant",
                "system_log_level": ""
              }
            ],
            "memory_size": 128,
            "package_type": "Zip",
            "publish": false,
            "qualified_arn": "arn:aws:lambda:us-west-2:851725642392:function:devops-chat-ai-assistant:$LATEST",
            "qualified_invoke_arn": "arn:aws:apigateway:us-west-2:lambda:path/2015-03-31/functions/arn:aws:lambda:us-west-2:851725642392:function:devops-chat-ai-assistant:$LATEST/invocations",
            "replace_security_groups_on_destroy": null,
            "replacement_security_group_ids": null,
            "reserved_concurrent_executions": -1,
            "role": "arn:aws:iam::851725642392:role/devops-chat-lambda-ai-role",
            "runtime": "nodejs20.x",
            "s3_bucket": null,
            "s3_key": null,
            "s3_object_version": null,
            "signing_job_arn": "",
            "signing_profile_version_arn": "",
            "skip_destroy": false,
            "snap_start": [],
            "source_code_hash": "zeZsgrQPwOCHvIU4P9UNHQE7m29V99H7nFHxXTNCMic=",
            "source_code_size": 756,
            "tags": {
              "Environment": "dr",
              "Project": "devops-chat"
            },
            "tags_all": {
              "Environment": "dr",
              "Project": "devops-chat"
            },
            "timeout": 60,
            "timeouts": null,
            "tracing_config": [
              {
                "mode": "PassThrough"
              }
            ],
            "version": "$LATEST",
            "vpc_config": []
          },
          "sensitive_attributes": [],
          "private": "eyJlMmJmYjczMC1lY2FhLTExZTYtOGY4OC0zNDM2M2JjN2M0YzAiOnsiY3JlYXRlIjo2MDAwMDAwMDAwMDAsImRlbGV0ZSI6NjAwMDAwMDAwMDAwLCJ1cGRhdGUiOjYwMDAwMDAwMDAwMH19",
          "dependencies": [
            "aws_dynamodb_table.connections",
            "aws_dynamodb_table.messages",
            "aws_iam_role.lambda_ai_role",
            "data.archive_file.ai_assistant_zip"
          ]
        }
      ]
    },
    {
      "mode": "managed",
      "type": "aws_lambda_function",
      "name": "connect_handler",
      "provider": "provider[\"registry.terraform.io/hashicorp/aws\"]",
      "instances": [
        {
          "schema_version": 0,
          "attributes": {
            "architectures": [
              "x86_64"
            ],
            "arn": "arn:aws:lambda:us-west-2:851725642392:function:devops-chat-connect",
            "code_sha256": "APvTEWVEQKKeJLZAukzvkx1WxBeWndau2t0C6wFBbYw=",
            "code_signing_config_arn": "",
            "dead_letter_config": [],
            "description": "",
            "environment": [
              {
                "variables": {
                  "CONNECTIONS_TABLE": "devops-chat-connections"
                }
              }
            ],
            "ephemeral_storage": [
              {
                "size": 512
              }
            ],
            "file_system_config": [],
            "filename": "./connect.zip",
            "function_name": "devops-chat-connect",
            "handler": "index.handler",
            "id": "devops-chat-connect",
            "image_config": [],
            "image_uri": "",
            "invoke_arn": "arn:aws:apigateway:us-west-2:lambda:path/2015-03-31/functions/arn:aws:lambda:us-west-2:851725642392:function:devops-chat-connect/invocations",
            "kms_key_arn": "",
            "last_modified": "2025-10-31T17:02:56.777+0000",
            "layers": null,
            "logging_config": [
              {
                "application_log_level": "",
                "log_format": "Text",
                "log_group": "/aws/lambda/devops-chat-connect",
                "system_log_level": ""
              }
            ],
            "memory_size": 128,
            "package_type": "Zip",
            "publish": false,
            "qualified_arn": "arn:aws:lambda:us-west-2:851725642392:function:devops-chat-connect:$LATEST",
            "qualified_invoke_arn": "arn:aws:apigateway:us-west-2:lambda:path/2015-03-31/functions/arn:aws:lambda:us-west-2:851725642392:function:devops-chat-connect:$LATEST/invocations",
            "replace_security_groups_on_destroy": null,
            "replacement_security_group_ids": null,
            "reserved_concurrent_executions": -1,
            "role": "arn:aws:iam::851725642392:role/devops-chat-lambda-role",
            "runtime": "nodejs20.x",
            "s3_bucket": null,
            "s3_key": null,
            "s3_object_version": null,
            "signing_job_arn": "",
            "signing_profile_version_arn": "",
            "skip_destroy": false,
            "snap_start": [],
            "source_code_hash": "APvTEWVEQKKeJLZAukzvkx1WxBeWndau2t0C6wFBbYw=",
            "source_code_size": 751,
            "tags": {
              "Environment": "dr",
              "Project": "devops-chat"
            },
            "tags_all": {
              "Environment": "dr",
              "Project": "devops-chat"
            },
            "timeout": 30,
            "timeouts": null,
            "tracing_config": [
              {
                "mode": "PassThrough"
              }
            ],
            "version": "$LATEST",
            "vpc_config": []
          },
          "sensitive_attributes": [],
          "private": "eyJlMmJmYjczMC1lY2FhLTExZTYtOGY4OC0zNDM2M2JjN2M0YzAiOnsiY3JlYXRlIjo2MDAwMDAwMDAwMDAsImRlbGV0ZSI6NjAwMDAwMDAwMDAwLCJ1cGRhdGUiOjYwMDAwMDAwMDAwMH19",
          "dependencies": [
            "aws_dynamodb_table.connections",
            "aws_iam_role.lambda_role",
            "data.archive_file.connect_zip"
          ]
        }
      ]
    },
    {
      "mode": "managed",
      "type": "aws_lambda_function",
      "name": "disconnect_handler",
      "provider": "provider[\"registry.terraform.io/hashicorp/aws\"]",
      "instances": [
        {
          "schema_version": 0,
          "attributes": {
            "architectures": [
              "x86_64"
            ],
            "arn": "arn:aws:lambda:us-west-2:851725642392:function:devops-chat-disconnect",
            "code_sha256": "omtCtfO+/cJuhBTx2zBrmf7S+GdW3xQR0HFVaCMitpk=",
            "code_signing_config_arn": "",
            "dead_letter_config": [],
            "description": "",
            "environment": [
              {
                "variables": {
                  "CONNECTIONS_TABLE": "devops-chat-connections"
                }
              }
            ],
            "ephemeral_storage": [
              {
                "size": 512
              }
            ],
            "file_system_config": [],
            "filename": "./disconnect.zip",
            "function_name": "devops-chat-disconnect",
            "handler": "index.handler",
            "id": "devops-chat-disconnect",
            "image_config": [],
            "image_uri": "",
            "invoke_arn": "arn:aws:apigateway:us-west-2:lambda:path/2015-03-31/functions/arn:aws:lambda:us-west-2:851725642392:function:devops-chat-disconnect/invocations",
            "kms_key_arn": "",
            "last_modified": "2025-10-31T17:02:42.882+0000",
            "layers": null,
            "logging_config": [
              {
                "application_log_level": "",
                "log_format": "Text",
                "log_group": "/aws/lambda/devops-chat-disconnect",
                "system_log_level": ""
              }
            ],
            "memory_size": 128,
            "package_type": "Zip",
            "publish": false,
            "qualified_arn": "arn:aws:lambda:us-west-2:851725642392:function:devops-chat-disconnect:$LATEST",
            "qualified_invoke_arn": "arn:aws:apigateway:us-west-2:lambda:path/2015-03-31/functions/arn:aws:lambda:us-west-2:851725642392:function:devops-chat-disconnect:$LATEST/invocations",
            "replace_security_groups_on_destroy": null,
            "replacement_security_group_ids": null,
            "reserved_concurrent_executions": -1,
            "role": "arn:aws:iam::851725642392:role/devops-chat-lambda-role",
            "runtime": "nodejs20.x",
            "s3_bucket": null,
            "s3_key": null,
            "s3_object_version": null,
            "signing_job_arn": "",
            "signing_profile_version_arn": "",
            "skip_destroy": false,
            "snap_start": [],
            "source_code_hash": "omtCtfO+/cJuhBTx2zBrmf7S+GdW3xQR0HFVaCMitpk=",
            "source_code_size": 863,
            "tags": {
              "Environment": "dr",
              "Project": "devops-chat"
            },
            "tags_all": {
              "Environment": "dr",
              "Project": "devops-chat"
            },
            "timeout": 30,
            "timeouts": null,
            "tracing_config": [
              {
                "mode": "PassThrough"
              }
            ],
            "version": "$LATEST",
            "vpc_config": []
          },
          "sensitive_attributes": [],
          "private": "eyJlMmJmYjczMC1lY2FhLTExZTYtOGY4OC0zNDM2M2JjN2M0YzAiOnsiY3JlYXRlIjo2MDAwMDAwMDAwMDAsImRlbGV0ZSI6NjAwMDAwMDAwMDAwLCJ1cGRhdGUiOjYwMDAwMDAwMDAwMH19",
          "dependencies": [
            "aws_dynamodb_table.connections",
            "aws_iam_role.lambda_role",
            "data.archive_file.disconnect_zip"
          ]
        }
      ]
    },
    {
      "mode": "managed",
      "type": "aws_lambda_function",
      "name": "file_upload",
      "provider": "provider[\"registry.terraform.io/hashicorp/aws\"]",
      "instances": [
        {
          "schema_version": 0,
          "attributes": {
            "architectures": [
              "x86_64"
            ],
            "arn": "arn:aws:lambda:us-west-2:851725642392:function:devops-chat-file-upload",
            "code_sha256": "NSwjjqLVnFrCb12H7m5GSFWbEos0sIvSA7paEaNZbNI=",
            "code_signing_config_arn": "",
            "dead_letter_config": [],
            "description": "",
            "environment": [
              {
                "variables": {
                  "BUCKET_NAME": "devops-chat-chat-files-kp8jr1ma",
                  "CDN_URL": "d3h0al6gs0y74w.cloudfront.net"
                }
              }
            ],
            "ephemeral_storage": [
              {
                "size": 512
              }
            ],
            "file_system_config": [],
            "filename": "./file-upload.zip",
            "function_name": "devops-chat-file-upload",
            "handler": "index.handler",
            "id": "devops-chat-file-upload",
            "image_config": [],
            "image_uri": "",
            "invoke_arn": "arn:aws:apigateway:us-west-2:lambda:path/2015-03-31/functions/arn:aws:lambda:us-west-2:851725642392:function:devops-chat-file-upload/invocations",
            "kms_key_arn": "",
            "last_modified": "2025-10-31T17:06:23.558+0000",
            "layers": null,
            "logging_config": [
              {
                "application_log_level": "",
                "log_format": "Text",
                "log_group": "/aws/lambda/devops-chat-file-upload",
                "system_log_level": ""
              }
            ],
            "memory_size": 128,
            "package_type": "Zip",
            "publish": false,
            "qualified_arn": "arn:aws:lambda:us-west-2:851725642392:function:devops-chat-file-upload:$LATEST",
            "qualified_invoke_arn": "arn:aws:apigateway:us-west-2:lambda:path/2015-03-31/functions/arn:aws:lambda:us-west-2:851725642392:function:devops-chat-file-upload:$LATEST/invocations",
            "replace_security_groups_on_destroy": null,
            "replacement_security_group_ids": null,
            "reserved_concurrent_executions": -1,
            "role": "arn:aws:iam::851725642392:role/devops-chat-lambda-role",
            "runtime": "nodejs20.x",
            "s3_bucket": null,
            "s3_key": null,
            "s3_object_version": null,
            "signing_job_arn": "",
            "signing_profile_version_arn": "",
            "skip_destroy": false,
            "snap_start": [],
            "source_code_hash": "NSwjjqLVnFrCb12H7m5GSFWbEos0sIvSA7paEaNZbNI=",
            "source_code_size": 1021,
            "tags": {
              "Environment": "dr",
              "Project": "devops-chat"
            },
            "tags_all": {
              "Environment": "dr",
              "Project": "devops-chat"
            },
            "timeout": 30,
            "timeouts": null,
            "tracing_config": [
              {
                "mode": "PassThrough"
              }
            ],
            "version": "$LATEST",
            "vpc_config": []
          },
          "sensitive_attributes": [],
          "private": "eyJlMmJmYjczMC1lY2FhLTExZTYtOGY4OC0zNDM2M2JjN2M0YzAiOnsiY3JlYXRlIjo2MDAwMDAwMDAwMDAsImRlbGV0ZSI6NjAwMDAwMDAwMDAwLCJ1cGRhdGUiOjYwMDAwMDAwMDAwMH19",
          "dependencies": [
            "aws_cloudfront_distribution.chat_files_cdn",
            "aws_cloudfront_origin_access_identity.oai",
            "aws_iam_role.lambda_role",
            "aws_s3_bucket.chat_files",
            "data.archive_file.file_upload_zip",
            "random_string.bucket_suffix"
          ]
        }
      ]
    },
    {
      "mode": "managed",
      "type": "aws_lambda_function",
      "name": "message_handler",
      "provider": "provider[\"registry.terraform.io/hashicorp/aws\"]",
      "instances": [
        {
          "schema_version": 0,
          "attributes": {
            "architectures": [
              "x86_64"
            ],
            "arn": "arn:aws:lambda:us-west-2:851725642392:function:devops-chat-message",
            "code_sha256": "VQDIJuo5pBeNcEPR9pkdOwt49v3n/p1KfL+uhLf9ZDo=",
            "code_signing_config_arn": "",
            "dead_letter_config": [],
            "description": "",
            "environment": [
              {
                "variables": {
                  "CONNECTIONS_TABLE": "devops-chat-connections",
                  "MESSAGES_TABLE": "devops-chat-messages"
                }
              }
            ],
            "ephemeral_storage": [
              {
                "size": 512
              }
            ],
            "file_system_config": [],
            "filename": "./message.zip",
            "function_name": "devops-chat-message",
            "handler": "index.handler",
            "id": "devops-chat-message",
            "image_config": [],
            "image_uri": "",
            "invoke_arn": "arn:aws:apigateway:us-west-2:lambda:path/2015-03-31/functions/arn:aws:lambda:us-west-2:851725642392:function:devops-chat-message/invocations",
            "kms_key_arn": "",
            "last_modified": "2025-10-31T17:02:35.994+0000",
            "layers": null,
            "logging_config": [
              {
                "application_log_level": "",
                "log_format": "Text",
                "log_group": "/aws/lambda/devops-chat-message",
                "system_log_level": ""
              }
            ],
            "memory_size": 128,
            "package_type": "Zip",
            "publish": false,
            "qualified_arn": "arn:aws:lambda:us-west-2:851725642392:function:devops-chat-message:$LATEST",
            "qualified_invoke_arn": "arn:aws:apigateway:us-west-2:lambda:path/2015-03-31/functions/arn:aws:lambda:us-west-2:851725642392:function:devops-chat-message:$LATEST/invocations",
            "replace_security_groups_on_destroy": null,
            "replacement_security_group_ids": null,
            "reserved_concurrent_executions": -1,
            "role": "arn:aws:iam::851725642392:role/devops-chat-lambda-role",
            "runtime": "nodejs20.x",
            "s3_bucket": null,
            "s3_key": null,
            "s3_object_version": null,
            "signing_job_arn": "",
            "signing_profile_version_arn": "",
            "skip_destroy": false,
            "snap_start": [],
            "source_code_hash": "VQDIJuo5pBeNcEPR9pkdOwt49v3n/p1KfL+uhLf9ZDo=",
            "source_code_size": 2108,
            "tags": {
              "Environment": "dr",
              "Project": "devops-chat"
            },
            "tags_all": {
              "Environment": "dr",
              "Project": "devops-chat"
            },
            "timeout": 30,
            "timeouts": null,
            "tracing_config": [
              {
                "mode": "PassThrough"
              }
            ],
            "version": "$LATEST",
            "vpc_config": []
          },
          "sensitive_attributes": [],
          "private": "eyJlMmJmYjczMC1lY2FhLTExZTYtOGY4OC0zNDM2M2JjN2M0YzAiOnsiY3JlYXRlIjo2MDAwMDAwMDAwMDAsImRlbGV0ZSI6NjAwMDAwMDAwMDAwLCJ1cGRhdGUiOjYwMDAwMDAwMDAwMH19",
          "dependencies": [
            "aws_dynamodb_table.connections",
            "aws_dynamodb_table.messages",
            "aws_iam_role.lambda_role",
            "data.archive_file.message_zip"
          ]
        }
      ]
    },
    {
      "mode": "managed",
      "type": "aws_lambda_permission",
      "name": "allow_eventbridge_ai",
      "provider": "provider[\"registry.terraform.io/hashicorp/aws\"]",
      "instances": [
        {
          "schema_version": 0,
          "attributes": {
            "action": "lambda:InvokeFunction",
            "event_source_token": null,
            "function_name": "devops-chat-ai-assistant",
            "function_url_auth_type": null,
            "id": "AllowExecutionFromEventBridge",
            "principal": "events.amazonaws.com",
            "principal_org_id": null,
            "qualifier": "",
            "source_account": null,
            "source_arn": "arn:aws:events:us-west-2:851725642392:rule/devops-chat-ai-trigger",
            "statement_id": "AllowExecutionFromEventBridge",
            "statement_id_prefix": ""
          },
          "sensitive_attributes": [],
          "private": "bnVsbA==",
          "dependencies": [
            "aws_cloudwatch_event_rule.ai_trigger",
            "aws_dynamodb_table.connections",
            "aws_dynamodb_table.messages",
            "aws_iam_role.lambda_ai_role",
            "aws_lambda_function.ai_assistant",
            "data.archive_file.ai_assistant_zip"
          ]
        }
      ]
    },
    {
      "mode": "managed",
      "type": "aws_lambda_permission",
      "name": "connect_permission",
      "provider": "provider[\"registry.terraform.io/hashicorp/aws\"]",
      "instances": [
        {
          "schema_version": 0,
          "attributes": {
            "action": "lambda:InvokeFunction",
            "event_source_token": null,
            "function_name": "devops-chat-connect",
            "function_url_auth_type": null,
            "id": "AllowExecutionFromAPIGateway",
            "principal": "apigateway.amazonaws.com",
            "principal_org_id": null,
            "qualifier": "",
            "source_account": null,
            "source_arn": "arn:aws:execute-api:us-west-2:851725642392:m0mqkl8nti/*/*",
            "statement_id": "AllowExecutionFromAPIGateway",
            "statement_id_prefix": ""
          },
          "sensitive_attributes": [],
          "private": "bnVsbA==",
          "dependencies": [
            "aws_apigatewayv2_api.chat_api",
            "aws_dynamodb_table.connections",
            "aws_iam_role.lambda_role",
            "aws_lambda_function.connect_handler",
            "data.archive_file.connect_zip"
          ]
        }
      ]
    },
    {
      "mode": "managed",
      "type": "aws_lambda_permission",
      "name": "disconnect_permission",
      "provider": "provider[\"registry.terraform.io/hashicorp/aws\"]",
      "instances": [
        {
          "schema_version": 0,
          "attributes": {
            "action": "lambda:InvokeFunction",
            "event_source_token": null,
            "function_name": "devops-chat-disconnect",
            "function_url_auth_type": null,
            "id": "AllowExecutionFromAPIGateway",
            "principal": "apigateway.amazonaws.com",
            "principal_org_id": null,
            "qualifier": "",
            "source_account": null,
            "source_arn": "arn:aws:execute-api:us-west-2:851725642392:m0mqkl8nti/*/*",
            "statement_id": "AllowExecutionFromAPIGateway",
            "statement_id_prefix": ""
          },
          "sensitive_attributes": [],
          "private": "bnVsbA==",
          "dependencies": [
            "aws_apigatewayv2_api.chat_api",
            "aws_dynamodb_table.connections",
            "aws_iam_role.lambda_role",
            "aws_lambda_function.disconnect_handler",
            "data.archive_file.disconnect_zip"
          ]
        }
      ]
    },
    {
      "mode": "managed",
      "type": "aws_lambda_permission",
      "name": "message_permission",
      "provider": "provider[\"registry.terraform.io/hashicorp/aws\"]",
      "instances": [
        {
          "schema_version": 0,
          "attributes": {
            "action": "lambda:InvokeFunction",
            "event_source_token": null,
            "function_name": "devops-chat-message",
            "function_url_auth_type": null,
            "id": "AllowExecutionFromAPIGateway",
            "principal": "apigateway.amazonaws.com",
            "principal_org_id": null,
            "qualifier": "",
            "source_account": null,
            "source_arn": "arn:aws:execute-api:us-west-2:851725642392:m0mqkl8nti/*/*",
            "statement_id": "AllowExecutionFromAPIGateway",
            "statement_id_prefix": ""
          },
          "sensitive_attributes": [],
          "private": "bnVsbA==",
          "dependencies": [
            "aws_apigatewayv2_api.chat_api",
            "aws_dynamodb_table.connections",
            "aws_dynamodb_table.messages",
            "aws_iam_role.lambda_role",
            "aws_lambda_function.message_handler",
            "data.archive_file.message_zip"
          ]
        }
      ]
    },
    {
      "mode": "managed",
      "type": "aws_s3_bucket",
      "name": "chat_files",
      "provider": "provider[\"registry.terraform.io/hashicorp/aws\"]",
      "instances": [
        {
          "schema_version": 0,
          "attributes": {
            "acceleration_status": "",
            "acl": null,
            "arn": "arn:aws:s3:::devops-chat-chat-files-kp8jr1ma",
            "bucket": "devops-chat-chat-files-kp8jr1ma",
            "bucket_domain_name": "devops-chat-chat-files-kp8jr1ma.s3.amazonaws.com",
            "bucket_prefix": "",
            "bucket_regional_domain_name": "devops-chat-chat-files-kp8jr1ma.s3.us-west-2.amazonaws.com",
            "cors_rule": [],
            "force_destroy": false,
            "grant": [
              {
                "id": "17ec6161b9b0ab49b5c5b1ba7ff4a0b41f93adaf9327005c57e423dea9a74d07",
                "permissions": [
                  "FULL_CONTROL"
                ],
                "type": "CanonicalUser",
                "uri": ""
              }
            ],
            "hosted_zone_id": "Z3BJ6K6RIION7M",
            "id": "devops-chat-chat-files-kp8jr1ma",
            "lifecycle_rule": [],
            "logging": [],
            "object_lock_configuration": [],
            "object_lock_enabled": false,
            "policy": "",
            "region": "us-west-2",
            "replication_configuration": [],
            "request_payer": "BucketOwner",
            "server_side_encryption_configuration": [
              {
                "rule": [
                  {
                    "apply_server_side_encryption_by_default": [
                      {
                        "kms_master_key_id": "",
                        "sse_algorithm": "AES256"
                      }
                    ],
                    "bucket_key_enabled": false
                  }
                ]
              }
            ],
            "tags": {
              "Environment": "dr",
              "Project": "devops-chat"
            },
            "tags_all": {
              "Environment": "dr",
              "Project": "devops-chat"
            },
            "timeouts": null,
            "versioning": [
              {
                "enabled": false,
                "mfa_delete": false
              }
            ],
            "website": [],
            "website_domain": null,
            "website_endpoint": null
          },
          "sensitive_attributes": [],
          "private": "eyJlMmJmYjczMC1lY2FhLTExZTYtOGY4OC0zNDM2M2JjN2M0YzAiOnsiY3JlYXRlIjoxMjAwMDAwMDAwMDAwLCJkZWxldGUiOjM2MDAwMDAwMDAwMDAsInJlYWQiOjEyMDAwMDAwMDAwMDAsInVwZGF0ZSI6MTIwMDAwMDAwMDAwMH19",
          "dependencies": [
            "random_string.bucket_suffix"
          ]
        }
      ]
    },
    {
      "mode": "managed",
      "type": "aws_s3_bucket_policy",
      "name": "chat_files_policy",
      "provider": "provider[\"registry.terraform.io/hashicorp/aws\"]",
      "instances": [
        {
          "schema_version": 0,
          "attributes": {
            "bucket": "devops-chat-chat-files-kp8jr1ma",
            "id": "devops-chat-chat-files-kp8jr1ma",
            "policy": "{\"Statement\":[{\"Action\":\"s3:GetObject\",\"Effect\":\"Allow\",\"Principal\":{\"AWS\":\"arn:aws:iam::cloudfront:user/CloudFront Origin Access Identity ESDO9YKWAFC9D\"},\"Resource\":\"arn:aws:s3:::devops-chat-chat-files-kp8jr1ma/*\"}],\"Version\":\"2012-10-17\"}"
          },
          "sensitive_attributes": [],
          "private": "bnVsbA==",
          "dependencies": [
            "aws_cloudfront_origin_access_identity.oai",
            "aws_s3_bucket.chat_files",
            "random_string.bucket_suffix"
          ]
        }
      ]
    },
    {
      "mode": "managed",
      "type": "aws_s3_bucket_public_access_block",
      "name": "chat_files_pab",
      "provider": "provider[\"registry.terraform.io/hashicorp/aws\"]",
      "instances": [
        {
          "schema_version": 0,
          "attributes": {
            "block_public_acls": true,
            "block_public_policy": true,
            "bucket": "devops-chat-chat-files-kp8jr1ma",
            "id": "devops-chat-chat-files-kp8jr1ma",
            "ignore_public_acls": true,
            "restrict_public_buckets": true
          },
          "sensitive_attributes": [],
          "private": "bnVsbA==",
          "dependencies": [
            "aws_s3_bucket.chat_files",
            "random_string.bucket_suffix"
          ]
        }
      ]
    },
    {
      "mode": "managed",
      "type": "aws_s3_bucket_server_side_encryption_configuration",
      "name": "chat_files_encryption",
      "provider": "provider[\"registry.terraform.io/hashicorp/aws\"]",
      "instances": [
        {
          "schema_version": 0,
          "attributes": {
            "bucket": "devops-chat-chat-files-kp8jr1ma",
            "expected_bucket_owner": "",
            "id": "devops-chat-chat-files-kp8jr1ma",
            "rule": [
              {
                "apply_server_side_encryption_by_default": [
                  {
                    "kms_master_key_id": "",
                    "sse_algorithm": "AES256"
                  }
                ],
                "bucket_key_enabled": null
              }
            ]
          },
          "sensitive_attributes": [],
          "private": "bnVsbA==",
          "dependencies": [
            "aws_s3_bucket.chat_files",
            "random_string.bucket_suffix"
          ]
        }
      ]
    },
    {
      "mode": "managed",
      "type": "aws_s3_bucket_versioning",
      "name": "chat_files_versioning",
      "provider": "provider[\"registry.terraform.io/hashicorp/aws\"]",
      "instances": [
        {
          "schema_version": 0,
          "attributes": {
            "bucket": "devops-chat-chat-files-kp8jr1ma",
            "expected_bucket_owner": "",
            "id": "devops-chat-chat-files-kp8jr1ma",
            "mfa": null,
            "versioning_configuration": [
              {
                "mfa_delete": "",
                "status": "Enabled"
              }
            ]
          },
          "sensitive_attributes": [],
          "private": "bnVsbA==",
          "dependencies": [
            "aws_s3_bucket.chat_files",
            "random_string.bucket_suffix"
          ]
        }
      ]
    },
    {
      "mode": "managed",
      "type": "random_string",
      "name": "bucket_suffix",
      "provider": "provider[\"registry.terraform.io/hashicorp/random\"]",
      "instances": [
        {
          "schema_version": 2,
          "attributes": {
            "id": "kp8jr1ma",
            "keepers": null,
            "length": 8,
            "lower": true,
            "min_lower": 0,
            "min_numeric": 0,
            "min_special": 0,
            "min_upper": 0,
            "number": true,
            "numeric": true,
            "override_special": null,
            "result": "kp8jr1ma",
            "special": false,
            "upper": false
          },
          "sensitive_attributes": []
        }
      ]
    }
  ],
  "check_results": null
}
